
Microsoft Visual Studio Solution File, Format Version 11.00
# Visual Studio 2010
Project("{FAE04EC0-301F-11D3-BF4B-00C04F79EFBC}") = "SKL_SCADA", "SKL_SCADA\SKL_SCADA.csproj", "{C7601C6D-9205-4835-91C9-DB973899C16D}"
EndProject
Project("{FAE04EC0-301F-11D3-BF4B-00C04F79EFBC}") = "DAL", "DAL\DAL.csproj", "{6A0F1EEB-C7E5-4D0A-A038-528F4FA70DC2}"
EndProject
Project("{FAE04EC0-301F-11D3-BF4B-00C04F79EFBC}") = "BLL", "BLL\BLL.csproj", "{BC1CD28E-9296-4F4E-B73C-87DCE3F8593A}"
EndProject
Project("{FAE04EC0-301F-11D3-BF4B-00C04F79EFBC}") = "Common", "Common\Common.csproj", "{106473B7-C1A3-47B6-9ACA-E07BD6E0FFEE}"
EndProject
Project("{FAE04EC0-301F-11D3-BF4B-00C04F79EFBC}") = "DBUtility", "DBUtility\DBUtility.csproj", "{2CBF4437-1EE5-4196-B9F4-CA63CC7B42BF}"
EndProject
Project("{FAE04EC0-301F-11D3-BF4B-00C04F79EFBC}") = "MODEL", "MODEL\MODEL.csproj", "{D69D95B6-05D1-4AD0-BCCE-91FB39059105}"
EndProject
Global
	GlobalSection(SolutionConfigurationPlatforms) = preSolution
		Debug|Any CPU = Debug|Any CPU
		Release|Any CPU = Release|Any CPU
	EndGlobalSection
	GlobalSection(ProjectConfigurationPlatforms) = postSolution
		{C7601C6D-9205-4835-91C9-DB973899C16D}.Debug|Any CPU.ActiveCfg = Debug|Any CPU
		{C7601C6D-9205-4835-91C9-DB973899C16D}.Debug|Any CPU.Build.0 = Debug|Any CPU
		{C7601C6D-9205-4835-91C9-DB973899C16D}.Release|Any CPU.ActiveCfg = Release|Any CPU
		{C7601C6D-9205-4835-91C9-DB973899C16D}.Release|Any CPU.Build.0 = Release|Any CPU
		{6A0F1EEB-C7E5-4D0A-A038-528F4FA70DC2}.Debug|Any CPU.ActiveCfg = Debug|Any CPU
		{6A0F1EEB-C7E5-4D0A-A038-528F4FA70DC2}.Debug|Any CPU.Build.0 = Debug|Any CPU
		{6A0F1EEB-C7E5-4D0A-A038-528F4FA70DC2}.Release|Any CPU.ActiveCfg = Release|Any CPU
		{6A0F1EEB-C7E5-4D0A-A038-528F4FA70DC2}.Release|Any CPU.Build.0 = Release|Any CPU
		{BC1CD28E-9296-4F4E-B73C-87DCE3F8593A}.Debug|Any CPU.ActiveCfg = Debug|Any CPU
		{BC1CD28E-9296-4F4E-B73C-87DCE3F8593A}.Debug|Any CPU.Build.0 = Debug|Any CPU
		{BC1CD28E-9296-4F4E-B73C-87DCE3F8593A}.Release|Any CPU.ActiveCfg = Release|Any CPU
		{BC1CD28E-9296-4F4E-B73C-87DCE3F8593A}.Release|Any CPU.Build.0 = Release|Any CPU
		{106473B7-C1A3-47B6-9ACA-E07BD6E0FFEE}.Debug|Any CPU.ActiveCfg = Debug|Any CPU
		{106473B7-C1A3-47B6-9ACA-E07BD6E0FFEE}.Debug|Any CPU.Build.0 = Debug|Any CPU
		{106473B7-C1A3-47B6-9ACA-E07BD6E0FFEE}.Release|Any CPU.ActiveCfg = Release|Any CPU
		{106473B7-C1A3-47B6-9ACA-E07BD6E0FFEE}.Release|Any CPU.Build.0 = Release|Any CPU
		{2CBF4437-1EE5-4196-B9F4-CA63CC7B42BF}.Debug|Any CPU.ActiveCfg = Debug|Any CPU
		{2CBF4437-1EE5-4196-B9F4-CA63CC7B42BF}.Debug|Any CPU.Build.0 = Debug|Any CPU
		{2CBF4437-1EE5-4196-B9F4-CA63CC7B42BF}.Release|Any CPU.ActiveCfg = Release|Any CPU
		{2CBF4437-1EE5-4196-B9F4-CA63CC7B42BF}.Release|Any CPU.Build.0 = Release|Any CPU
		{D69D95B6-05D1-4AD0-BCCE-91FB39059105}.Debug|Any CPU.ActiveCfg = Debug|Any CPU
		{D69D95B6-05D1-4AD0-BCCE-91FB39059105}.Debug|Any CPU.Build.0 = Debug|Any CPU
		{D69D95B6-05D1-4AD0-BCCE-91FB39059105}.Release|Any CPU.ActiveCfg = Release|Any CPU
		{D69D95B6-05D1-4AD0-BCCE-91FB39059105}.Release|Any CPU.Build.0 = Release|Any CPU
	EndGlobalSection
	GlobalSection(SolutionProperties) = preSolution
		HideSolutionNode = FALSE
	EndGlobalSection
EndGlobal
